# THIS IS AN AUTOGENERATED FILE. DO NOT EDIT THIS FILE DIRECTLY.
# yarn lockfile v1


"@types/kefir@^3.7.0":
  version "3.7.0"
  resolved "https://registry.yarnpkg.com/@types/kefir/-/kefir-3.7.0.tgz#15d626922e1a7def63b71ca731bb16ab9d6356f4"
  dependencies:
    "@types/node" "*"

"@types/node@*":
  version "8.5.2"
  resolved "https://registry.yarnpkg.com/@types/node/-/node-8.5.2.tgz#83b8103fa9a2c2e83d78f701a9aa7c9539739aa5"

"@types/ramda@^0.25.13":
  version "0.25.13"
  resolved "https://registry.yarnpkg.com/@types/ramda/-/ramda-0.25.13.tgz#c13ec52ba23da6bba4f04c625b80630dc1219a23"

"@types/ws@^3.2.1":
  version "3.2.1"
  resolved "https://registry.yarnpkg.com/@types/ws/-/ws-3.2.1.tgz#b0c1579e58e686f83ce0a97bb9463d29705827fb"
  dependencies:
    "@types/node" "*"

asap@~2.0.3:
  version "2.0.6"
  resolved "https://registry.yarnpkg.com/asap/-/asap-2.0.6.tgz#e50347611d7e690943208bbdafebcbc2fb866d46"

async-limiter@~1.0.0:
  version "1.0.0"
  resolved "https://registry.yarnpkg.com/async-limiter/-/async-limiter-1.0.0.tgz#78faed8c3d074ab81f22b4e985d79e8738f720f8"

core-js@^1.0.0:
  version "1.2.7"
  resolved "https://registry.yarnpkg.com/core-js/-/core-js-1.2.7.tgz#652294c14651db28fa93bd2d5ff2983a4f08c636"

debug@^3.1.0:
  version "3.1.0"
  resolved "https://registry.yarnpkg.com/debug/-/debug-3.1.0.tgz#5bb5a0672628b64149566ba16819e61518c67261"
  dependencies:
    ms "2.0.0"

encoding@^0.1.11:
  version "0.1.12"
  resolved "https://registry.yarnpkg.com/encoding/-/encoding-0.1.12.tgz#538b66f3ee62cd1ab51ec323829d1f9480c74beb"
  dependencies:
    iconv-lite "~0.4.13"

fbjs@^0.8.16:
  version "0.8.16"
  resolved "https://registry.yarnpkg.com/fbjs/-/fbjs-0.8.16.tgz#5e67432f550dc41b572bf55847b8aca64e5337db"
  dependencies:
    core-js "^1.0.0"
    isomorphic-fetch "^2.1.1"
    loose-envify "^1.0.0"
    object-assign "^4.1.0"
    promise "^7.1.1"
    setimmediate "^1.0.5"
    ua-parser-js "^0.7.9"

iconv-lite@~0.4.13:
  version "0.4.19"
  resolved "https://registry.yarnpkg.com/iconv-lite/-/iconv-lite-0.4.19.tgz#f7468f60135f5e5dad3399c0a81be9a1603a082b"

infestines@^0.4.4, infestines@^0.4.5:
  version "0.4.5"
  resolved "https://registry.yarnpkg.com/infestines/-/infestines-0.4.5.tgz#44ec6b226d66c7f34c292f6f6d2dcbb194ac1231"

is-stream@^1.0.1:
  version "1.1.0"
  resolved "https://registry.yarnpkg.com/is-stream/-/is-stream-1.1.0.tgz#12d4a3dd4e68e0b79ceb8dbc84173ae80d91ca44"

isomorphic-fetch@^2.1.1:
  version "2.2.1"
  resolved "https://registry.yarnpkg.com/isomorphic-fetch/-/isomorphic-fetch-2.2.1.tgz#611ae1acf14f5e81f729507472819fe9733558a9"
  dependencies:
    node-fetch "^1.0.1"
    whatwg-fetch ">=0.10.0"

js-tokens@^3.0.0:
  version "3.0.2"
  resolved "https://registry.yarnpkg.com/js-tokens/-/js-tokens-3.0.2.tgz#9866df395102130e38f7f996bceb65443209c25b"

karet.util@^0.17.2:
  version "0.17.2"
  resolved "https://registry.yarnpkg.com/karet.util/-/karet.util-0.17.2.tgz#51702c1288bb8b3bb760104f013741dd994a157c"
  dependencies:
    infestines "^0.4.5"
    karet "^2.0.0"
    kefir.atom "^5.3.0"
    kefir.combines "^4.0.0"
    partial.lenses "^13.0.0"
    prop-types "^15.5.6"
    ramda "^0.25.0"
    react "^16.0.0"

karet@^2.0.0:
  version "2.0.0"
  resolved "https://registry.yarnpkg.com/karet/-/karet-2.0.0.tgz#e01af4628e9b6289820389ec049ee9c7c9e09d7c"
  dependencies:
    infestines "^0.4.4"
    react "^16.0.0"

kefir.atom@^5.3.0:
  version "5.5.0"
  resolved "https://registry.yarnpkg.com/kefir.atom/-/kefir.atom-5.5.0.tgz#28128f1183bc59565e7cb05ead5e83a122fb3c5e"
  dependencies:
    infestines "^0.4.4"
    partial.lenses ">=2.2.0"

kefir.combines@^4.0.0:
  version "4.1.5"
  resolved "https://registry.yarnpkg.com/kefir.combines/-/kefir.combines-4.1.5.tgz#d051aac799349ac9148fcdc2db656a45793b7e13"
  dependencies:
    infestines "^0.4.4"

kefir@^3.8.0:
  version "3.8.0"
  resolved "https://registry.yarnpkg.com/kefir/-/kefir-3.8.0.tgz#63b5dce575f1a7ab3286788e771eb104b181b676"
  dependencies:
    symbol-observable "1.0.4"

loose-envify@^1.0.0, loose-envify@^1.1.0, loose-envify@^1.3.1:
  version "1.3.1"
  resolved "https://registry.yarnpkg.com/loose-envify/-/loose-envify-1.3.1.tgz#d1a8ad33fa9ce0e713d65fdd0ac8b748d478c848"
  dependencies:
    js-tokens "^3.0.0"

ms@2.0.0:
  version "2.0.0"
  resolved "https://registry.yarnpkg.com/ms/-/ms-2.0.0.tgz#5608aeadfc00be6c2901df5f9861788de0d597c8"

node-fetch@^1.0.1:
  version "1.7.3"
  resolved "https://registry.yarnpkg.com/node-fetch/-/node-fetch-1.7.3.tgz#980f6f72d85211a5347c6b2bc18c5b84c3eb47ef"
  dependencies:
    encoding "^0.1.11"
    is-stream "^1.0.1"

object-assign@^4.1.0, object-assign@^4.1.1:
  version "4.1.1"
  resolved "https://registry.yarnpkg.com/object-assign/-/object-assign-4.1.1.tgz#2109adc7965887cfc05cbbd442cac8bfbb360863"

partial.lenses@>=2.2.0, partial.lenses@^13.0.0, partial.lenses@^13.1.1:
  version "13.1.1"
  resolved "https://registry.yarnpkg.com/partial.lenses/-/partial.lenses-13.1.1.tgz#672555a007657fa97f86f05aa35950fad3c47e8b"
  dependencies:
    infestines "^0.4.5"

promise@^7.1.1:
  version "7.3.1"
  resolved "https://registry.yarnpkg.com/promise/-/promise-7.3.1.tgz#064b72602b18f90f29192b8b1bc418ffd1ebd3bf"
  dependencies:
    asap "~2.0.3"

prop-types@^15.5.6, prop-types@^15.6.0:
  version "15.6.0"
  resolved "https://registry.yarnpkg.com/prop-types/-/prop-types-15.6.0.tgz#ceaf083022fc46b4a35f69e13ef75aed0d639856"
  dependencies:
    fbjs "^0.8.16"
    loose-envify "^1.3.1"
    object-assign "^4.1.1"

ramda@^0.25.0:
  version "0.25.0"
  resolved "https://registry.yarnpkg.com/ramda/-/ramda-0.25.0.tgz#8fdf68231cffa90bc2f9460390a0cb74a29b29a9"

react@^16.0.0:
  version "16.2.0"
  resolved "https://registry.yarnpkg.com/react/-/react-16.2.0.tgz#a31bd2dab89bff65d42134fa187f24d054c273ba"
  dependencies:
    fbjs "^0.8.16"
    loose-envify "^1.1.0"
    object-assign "^4.1.1"
    prop-types "^15.6.0"

safe-buffer@~5.1.0:
  version "5.1.1"
  resolved "https://registry.yarnpkg.com/safe-buffer/-/safe-buffer-5.1.1.tgz#893312af69b2123def71f57889001671eeb2c853"

sanctuary-def@0.14.0:
  version "0.14.0"
  resolved "https://registry.yarnpkg.com/sanctuary-def/-/sanctuary-def-0.14.0.tgz#cebbec591f5a9b211b34b4b942999d6534010fa8"
  dependencies:
    sanctuary-type-classes "7.1.x"
    sanctuary-type-identifiers "2.0.x"

sanctuary-type-classes@7.1.1, sanctuary-type-classes@7.1.x:
  version "7.1.1"
  resolved "https://registry.yarnpkg.com/sanctuary-type-classes/-/sanctuary-type-classes-7.1.1.tgz#084bbd3168d72e60a059f6f78f5b7e391e68ffbb"
  dependencies:
    sanctuary-type-identifiers "1.0.x"

sanctuary-type-identifiers@1.0.x:
  version "1.0.0"
  resolved "https://registry.yarnpkg.com/sanctuary-type-identifiers/-/sanctuary-type-identifiers-1.0.0.tgz#e8f359f006cb5e624cfb8464603fc114608bde9f"

sanctuary-type-identifiers@2.0.1, sanctuary-type-identifiers@2.0.x:
  version "2.0.1"
  resolved "https://registry.yarnpkg.com/sanctuary-type-identifiers/-/sanctuary-type-identifiers-2.0.1.tgz#fc524cf6dd92cebfcbb0dd9509eff193159a20ed"

sanctuary@^0.14.1:
  version "0.14.1"
  resolved "https://registry.yarnpkg.com/sanctuary/-/sanctuary-0.14.1.tgz#3bf7613ec79ad28e5997b2901992e5992d3a047b"
  dependencies:
    sanctuary-def "0.14.0"
    sanctuary-type-classes "7.1.1"
    sanctuary-type-identifiers "2.0.1"

setimmediate@^1.0.5:
  version "1.0.5"
  resolved "https://registry.yarnpkg.com/setimmediate/-/setimmediate-1.0.5.tgz#290cbb232e306942d7d7ea9b83732ab7856f8285"

symbol-observable@1.0.4:
  version "1.0.4"
  resolved "https://registry.yarnpkg.com/symbol-observable/-/symbol-observable-1.0.4.tgz#29bf615d4aa7121bdd898b22d4b3f9bc4e2aa03d"

ua-parser-js@^0.7.9:
  version "0.7.17"
  resolved "https://registry.yarnpkg.com/ua-parser-js/-/ua-parser-js-0.7.17.tgz#e9ec5f9498b9ec910e7ae3ac626a805c4d09ecac"

ultron@~1.1.0:
  version "1.1.1"
  resolved "https://registry.yarnpkg.com/ultron/-/ultron-1.1.1.tgz#9fe1536a10a664a65266a1e3ccf85fd36302bc9c"

whatwg-fetch@>=0.10.0:
  version "2.0.3"
  resolved "https://registry.yarnpkg.com/whatwg-fetch/-/whatwg-fetch-2.0.3.tgz#9c84ec2dcf68187ff00bc64e1274b442176e1c84"

ws@^3.3.3:
  version "3.3.3"
  resolved "https://registry.yarnpkg.com/ws/-/ws-3.3.3.tgz#f1cf84fe2d5e901ebce94efaece785f187a228f2"
  dependencies:
    async-limiter "~1.0.0"
    safe-buffer "~5.1.0"
    ultron "~1.1.0"
